
Microsoft Visual Studio Solution File, Format Version 12.00
# Visual Studio Version 17
VisualStudioVersion = 17.2.32630.192
MinimumVisualStudioVersion = 10.0.40219.1
Project("{9A19103F-16F7-4668-BE54-9A1E7A4F7556}") = "Chromass.ChroZenPump", "Chromass.ChroZenPump\Chromass.ChroZenPump.csproj", "{086FC267-386E-4C6F-A44B-E622842B8BAC}"
EndProject
Project("{9A19103F-16F7-4668-BE54-9A1E7A4F7556}") = "SynchronizationContextTestHelper", "SynchronizationContextTestHelper\SynchronizationContextTestHelper.csproj", "{12C6F509-BC85-4A49-8BE1-1DDDE7865125}"
EndProject
Project("{9A19103F-16F7-4668-BE54-9A1E7A4F7556}") = "Chromass.ChroZenPump.Tests", "Chromass.ChroZenPump.Tests\Chromass.ChroZenPump.Tests.csproj", "{5BD3D076-572D-45FA-9C0C-9C3991DC186C}"
EndProject
Project("{9A19103F-16F7-4668-BE54-9A1E7A4F7556}") = "Chromass.ChroZenPump.UI", "Chromass.ChroZenPump.UI\Chromass.ChroZenPump.UI.csproj", "{FEA9E2D3-F32D-4BE4-A838-809054FD6715}"
EndProject
Project("{9A19103F-16F7-4668-BE54-9A1E7A4F7556}") = "Chromass.ChroZenPump.UI.Core", "Chromass.ChroZenPump.UI.Core\Chromass.ChroZenPump.UI.Core.csproj", "{C7709135-0B9B-46F0-877E-B5B0A20EA85B}"
EndProject
Project("{2150E333-8FDC-42A3-9474-1A3956D46DE8}") = "Solution Items", "Solution Items", "{30F3395F-2FC8-49E0-9CAF-CD3239EF5915}"
	ProjectSection(SolutionItems) = preProject
		.editorconfig = .editorconfig
	EndProjectSection
EndProject
Project("{FAE04EC0-301F-11D3-BF4B-00C04F79EFBC}") = "CDS.Chromass.ChroZenPump", "CDS.Chromass.ChroZenPump\CDS.Chromass.ChroZenPump.csproj", "{FE32A09D-9B7D-4BF9-8C35-7742E2D1941E}"
EndProject
Global
	GlobalSection(SolutionConfigurationPlatforms) = preSolution
		Debug|Any CPU = Debug|Any CPU
		Debug|arm64 = Debug|arm64
		Debug|x64 = Debug|x64
		Debug|x86 = Debug|x86
		Release|Any CPU = Release|Any CPU
		Release|arm64 = Release|arm64
		Release|x64 = Release|x64
		Release|x86 = Release|x86
	EndGlobalSection
	GlobalSection(ProjectConfigurationPlatforms) = postSolution
		{086FC267-386E-4C6F-A44B-E622842B8BAC}.Debug|Any CPU.ActiveCfg = Debug|Any CPU
		{086FC267-386E-4C6F-A44B-E622842B8BAC}.Debug|Any CPU.Build.0 = Debug|Any CPU
		{086FC267-386E-4C6F-A44B-E622842B8BAC}.Debug|arm64.ActiveCfg = Debug|Any CPU
		{086FC267-386E-4C6F-A44B-E622842B8BAC}.Debug|arm64.Build.0 = Debug|Any CPU
		{086FC267-386E-4C6F-A44B-E622842B8BAC}.Debug|x64.ActiveCfg = Debug|Any CPU
		{086FC267-386E-4C6F-A44B-E622842B8BAC}.Debug|x64.Build.0 = Debug|Any CPU
		{086FC267-386E-4C6F-A44B-E622842B8BAC}.Debug|x86.ActiveCfg = Debug|Any CPU
		{086FC267-386E-4C6F-A44B-E622842B8BAC}.Debug|x86.Build.0 = Debug|Any CPU
		{086FC267-386E-4C6F-A44B-E622842B8BAC}.Release|Any CPU.ActiveCfg = Release|Any CPU
		{086FC267-386E-4C6F-A44B-E622842B8BAC}.Release|Any CPU.Build.0 = Release|Any CPU
		{086FC267-386E-4C6F-A44B-E622842B8BAC}.Release|arm64.ActiveCfg = Release|Any CPU
		{086FC267-386E-4C6F-A44B-E622842B8BAC}.Release|arm64.Build.0 = Release|Any CPU
		{086FC267-386E-4C6F-A44B-E622842B8BAC}.Release|x64.ActiveCfg = Release|Any CPU
		{086FC267-386E-4C6F-A44B-E622842B8BAC}.Release|x64.Build.0 = Release|Any CPU
		{086FC267-386E-4C6F-A44B-E622842B8BAC}.Release|x86.ActiveCfg = Release|Any CPU
		{086FC267-386E-4C6F-A44B-E622842B8BAC}.Release|x86.Build.0 = Release|Any CPU
		{12C6F509-BC85-4A49-8BE1-1DDDE7865125}.Debug|Any CPU.ActiveCfg = Debug|Any CPU
		{12C6F509-BC85-4A49-8BE1-1DDDE7865125}.Debug|Any CPU.Build.0 = Debug|Any CPU
		{12C6F509-BC85-4A49-8BE1-1DDDE7865125}.Debug|arm64.ActiveCfg = Debug|Any CPU
		{12C6F509-BC85-4A49-8BE1-1DDDE7865125}.Debug|arm64.Build.0 = Debug|Any CPU
		{12C6F509-BC85-4A49-8BE1-1DDDE7865125}.Debug|x64.ActiveCfg = Debug|Any CPU
		{12C6F509-BC85-4A49-8BE1-1DDDE7865125}.Debug|x64.Build.0 = Debug|Any CPU
		{12C6F509-BC85-4A49-8BE1-1DDDE7865125}.Debug|x86.ActiveCfg = Debug|Any CPU
		{12C6F509-BC85-4A49-8BE1-1DDDE7865125}.Debug|x86.Build.0 = Debug|Any CPU
		{12C6F509-BC85-4A49-8BE1-1DDDE7865125}.Release|Any CPU.ActiveCfg = Release|Any CPU
		{12C6F509-BC85-4A49-8BE1-1DDDE7865125}.Release|Any CPU.Build.0 = Release|Any CPU
		{12C6F509-BC85-4A49-8BE1-1DDDE7865125}.Release|arm64.ActiveCfg = Release|Any CPU
		{12C6F509-BC85-4A49-8BE1-1DDDE7865125}.Release|arm64.Build.0 = Release|Any CPU
		{12C6F509-BC85-4A49-8BE1-1DDDE7865125}.Release|x64.ActiveCfg = Release|Any CPU
		{12C6F509-BC85-4A49-8BE1-1DDDE7865125}.Release|x64.Build.0 = Release|Any CPU
		{12C6F509-BC85-4A49-8BE1-1DDDE7865125}.Release|x86.ActiveCfg = Release|Any CPU
		{12C6F509-BC85-4A49-8BE1-1DDDE7865125}.Release|x86.Build.0 = Release|Any CPU
		{5BD3D076-572D-45FA-9C0C-9C3991DC186C}.Debug|Any CPU.ActiveCfg = Debug|Any CPU
		{5BD3D076-572D-45FA-9C0C-9C3991DC186C}.Debug|Any CPU.Build.0 = Debug|Any CPU
		{5BD3D076-572D-45FA-9C0C-9C3991DC186C}.Debug|arm64.ActiveCfg = Debug|Any CPU
		{5BD3D076-572D-45FA-9C0C-9C3991DC186C}.Debug|arm64.Build.0 = Debug|Any CPU
		{5BD3D076-572D-45FA-9C0C-9C3991DC186C}.Debug|x64.ActiveCfg = Debug|Any CPU
		{5BD3D076-572D-45FA-9C0C-9C3991DC186C}.Debug|x64.Build.0 = Debug|Any CPU
		{5BD3D076-572D-45FA-9C0C-9C3991DC186C}.Debug|x86.ActiveCfg = Debug|Any CPU
		{5BD3D076-572D-45FA-9C0C-9C3991DC186C}.Debug|x86.Build.0 = Debug|Any CPU
		{5BD3D076-572D-45FA-9C0C-9C3991DC186C}.Release|Any CPU.ActiveCfg = Release|Any CPU
		{5BD3D076-572D-45FA-9C0C-9C3991DC186C}.Release|Any CPU.Build.0 = Release|Any CPU
		{5BD3D076-572D-45FA-9C0C-9C3991DC186C}.Release|arm64.ActiveCfg = Release|Any CPU
		{5BD3D076-572D-45FA-9C0C-9C3991DC186C}.Release|arm64.Build.0 = Release|Any CPU
		{5BD3D076-572D-45FA-9C0C-9C3991DC186C}.Release|x64.ActiveCfg = Release|Any CPU
		{5BD3D076-572D-45FA-9C0C-9C3991DC186C}.Release|x64.Build.0 = Release|Any CPU
		{5BD3D076-572D-45FA-9C0C-9C3991DC186C}.Release|x86.ActiveCfg = Release|Any CPU
		{5BD3D076-572D-45FA-9C0C-9C3991DC186C}.Release|x86.Build.0 = Release|Any CPU
		{FEA9E2D3-F32D-4BE4-A838-809054FD6715}.Debug|Any CPU.ActiveCfg = Debug|x64
		{FEA9E2D3-F32D-4BE4-A838-809054FD6715}.Debug|Any CPU.Build.0 = Debug|x64
		{FEA9E2D3-F32D-4BE4-A838-809054FD6715}.Debug|Any CPU.Deploy.0 = Debug|x64
		{FEA9E2D3-F32D-4BE4-A838-809054FD6715}.Debug|arm64.ActiveCfg = Debug|arm64
		{FEA9E2D3-F32D-4BE4-A838-809054FD6715}.Debug|arm64.Build.0 = Debug|arm64
		{FEA9E2D3-F32D-4BE4-A838-809054FD6715}.Debug|arm64.Deploy.0 = Debug|arm64
		{FEA9E2D3-F32D-4BE4-A838-809054FD6715}.Debug|x64.ActiveCfg = Debug|x64
		{FEA9E2D3-F32D-4BE4-A838-809054FD6715}.Debug|x64.Build.0 = Debug|x64
		{FEA9E2D3-F32D-4BE4-A838-809054FD6715}.Debug|x64.Deploy.0 = Debug|x64
		{FEA9E2D3-F32D-4BE4-A838-809054FD6715}.Debug|x86.ActiveCfg = Debug|x86
		{FEA9E2D3-F32D-4BE4-A838-809054FD6715}.Debug|x86.Build.0 = Debug|x86
		{FEA9E2D3-F32D-4BE4-A838-809054FD6715}.Debug|x86.Deploy.0 = Debug|x86
		{FEA9E2D3-F32D-4BE4-A838-809054FD6715}.Release|Any CPU.ActiveCfg = Release|x64
		{FEA9E2D3-F32D-4BE4-A838-809054FD6715}.Release|Any CPU.Build.0 = Release|x64
		{FEA9E2D3-F32D-4BE4-A838-809054FD6715}.Release|Any CPU.Deploy.0 = Release|x64
		{FEA9E2D3-F32D-4BE4-A838-809054FD6715}.Release|arm64.ActiveCfg = Release|arm64
		{FEA9E2D3-F32D-4BE4-A838-809054FD6715}.Release|arm64.Build.0 = Release|arm64
		{FEA9E2D3-F32D-4BE4-A838-809054FD6715}.Release|arm64.Deploy.0 = Release|arm64
		{FEA9E2D3-F32D-4BE4-A838-809054FD6715}.Release|x64.ActiveCfg = Release|x64
		{FEA9E2D3-F32D-4BE4-A838-809054FD6715}.Release|x64.Build.0 = Release|x64
		{FEA9E2D3-F32D-4BE4-A838-809054FD6715}.Release|x64.Deploy.0 = Release|x64
		{FEA9E2D3-F32D-4BE4-A838-809054FD6715}.Release|x86.ActiveCfg = Release|x86
		{FEA9E2D3-F32D-4BE4-A838-809054FD6715}.Release|x86.Build.0 = Release|x86
		{FEA9E2D3-F32D-4BE4-A838-809054FD6715}.Release|x86.Deploy.0 = Release|x86
		{C7709135-0B9B-46F0-877E-B5B0A20EA85B}.Debug|Any CPU.ActiveCfg = Debug|Any CPU
		{C7709135-0B9B-46F0-877E-B5B0A20EA85B}.Debug|Any CPU.Build.0 = Debug|Any CPU
		{C7709135-0B9B-46F0-877E-B5B0A20EA85B}.Debug|arm64.ActiveCfg = Debug|arm64
		{C7709135-0B9B-46F0-877E-B5B0A20EA85B}.Debug|arm64.Build.0 = Debug|arm64
		{C7709135-0B9B-46F0-877E-B5B0A20EA85B}.Debug|x64.ActiveCfg = Debug|x64
		{C7709135-0B9B-46F0-877E-B5B0A20EA85B}.Debug|x64.Build.0 = Debug|x64
		{C7709135-0B9B-46F0-877E-B5B0A20EA85B}.Debug|x86.ActiveCfg = Debug|x86
		{C7709135-0B9B-46F0-877E-B5B0A20EA85B}.Debug|x86.Build.0 = Debug|x86
		{C7709135-0B9B-46F0-877E-B5B0A20EA85B}.Release|Any CPU.ActiveCfg = Release|Any CPU
		{C7709135-0B9B-46F0-877E-B5B0A20EA85B}.Release|Any CPU.Build.0 = Release|Any CPU
		{C7709135-0B9B-46F0-877E-B5B0A20EA85B}.Release|arm64.ActiveCfg = Release|arm64
		{C7709135-0B9B-46F0-877E-B5B0A20EA85B}.Release|arm64.Build.0 = Release|arm64
		{C7709135-0B9B-46F0-877E-B5B0A20EA85B}.Release|x64.ActiveCfg = Release|x64
		{C7709135-0B9B-46F0-877E-B5B0A20EA85B}.Release|x64.Build.0 = Release|x64
		{C7709135-0B9B-46F0-877E-B5B0A20EA85B}.Release|x86.ActiveCfg = Release|x86
		{C7709135-0B9B-46F0-877E-B5B0A20EA85B}.Release|x86.Build.0 = Release|x86
		{FE32A09D-9B7D-4BF9-8C35-7742E2D1941E}.Debug|Any CPU.ActiveCfg = Debug|Any CPU
		{FE32A09D-9B7D-4BF9-8C35-7742E2D1941E}.Debug|Any CPU.Build.0 = Debug|Any CPU
		{FE32A09D-9B7D-4BF9-8C35-7742E2D1941E}.Debug|arm64.ActiveCfg = Debug|Any CPU
		{FE32A09D-9B7D-4BF9-8C35-7742E2D1941E}.Debug|arm64.Build.0 = Debug|Any CPU
		{FE32A09D-9B7D-4BF9-8C35-7742E2D1941E}.Debug|x64.ActiveCfg = Debug|Any CPU
		{FE32A09D-9B7D-4BF9-8C35-7742E2D1941E}.Debug|x64.Build.0 = Debug|Any CPU
		{FE32A09D-9B7D-4BF9-8C35-7742E2D1941E}.Debug|x86.ActiveCfg = Debug|Any CPU
		{FE32A09D-9B7D-4BF9-8C35-7742E2D1941E}.Debug|x86.Build.0 = Debug|Any CPU
		{FE32A09D-9B7D-4BF9-8C35-7742E2D1941E}.Release|Any CPU.ActiveCfg = Release|Any CPU
		{FE32A09D-9B7D-4BF9-8C35-7742E2D1941E}.Release|Any CPU.Build.0 = Release|Any CPU
		{FE32A09D-9B7D-4BF9-8C35-7742E2D1941E}.Release|arm64.ActiveCfg = Release|Any CPU
		{FE32A09D-9B7D-4BF9-8C35-7742E2D1941E}.Release|arm64.Build.0 = Release|Any CPU
		{FE32A09D-9B7D-4BF9-8C35-7742E2D1941E}.Release|x64.ActiveCfg = Release|Any CPU
		{FE32A09D-9B7D-4BF9-8C35-7742E2D1941E}.Release|x64.Build.0 = Release|Any CPU
		{FE32A09D-9B7D-4BF9-8C35-7742E2D1941E}.Release|x86.ActiveCfg = Release|Any CPU
		{FE32A09D-9B7D-4BF9-8C35-7742E2D1941E}.Release|x86.Build.0 = Release|Any CPU
	EndGlobalSection
	GlobalSection(SolutionProperties) = preSolution
		HideSolutionNode = FALSE
	EndGlobalSection
	GlobalSection(ExtensibilityGlobals) = postSolution
		SolutionGuid = {AE1B5F06-3673-4D56-B23D-7152A890B770}
	EndGlobalSection
EndGlobal
